// !$*UTF8*$!
{
	archiveVersion = 1;
	classes = {
	};
	objectVersion = 53;
	objects = {

/* Begin PBXBuildFile section */
		3A3921D02A0937FA00A2E329 /* AppDelegate.swift in Sources */ = {isa = PBXBuildFile; fileRef = 3A3921CF2A0937FA00A2E329 /* AppDelegate.swift */; };
		3A3921D82A0937FA00A2E329 /* GameViewController.swift in Sources */ = {isa = PBXBuildFile; fileRef = 3A3921D72A0937FA00A2E329 /* GameViewController.swift */; };
		3A3921DB2A0937FA00A2E329 /* Main.storyboard in Resources */ = {isa = PBXBuildFile; fileRef = 3A3921D92A0937FA00A2E329 /* Main.storyboard */; };
		3A3921DD2A0937FB00A2E329 /* Assets_tvos.xcassets in Resources */ = {isa = PBXBuildFile; fileRef = 3A3921DC2A0937FB00A2E329 /* Assets_tvos.xcassets */; };
		3A3921E02A0937FB00A2E329 /* LaunchScreen.storyboard in Resources */ = {isa = PBXBuildFile; fileRef = 3A3921DE2A0937FB00A2E329 /* LaunchScreen.storyboard */; };
		3A3921E42A093EB500A2E329 /* GameScene.sks in Resources */ = {isa = PBXBuildFile; fileRef = F5954B8E1D21F0F60088187E /* GameScene.sks */; };
		3A3921E52A093EB500A2E329 /* GameScene.swift in Sources */ = {isa = PBXBuildFile; fileRef = F5954B921D21F0F60088187E /* GameScene.swift */; };
		3A3921E62A093EB500A2E329 /* Splash.sks in Resources */ = {isa = PBXBuildFile; fileRef = F57E6CC61D3D4D8F00827D9A /* Splash.sks */; };
		3A3921E72A093EBB00A2E329 /* Reel Tick Sound.mp3 in Resources */ = {isa = PBXBuildFile; fileRef = F58C07DE1F747A1F00A5D3FB /* Reel Tick Sound.mp3 */; };
		3A3921E82A093EBB00A2E329 /* Fish Caught.mp3 in Resources */ = {isa = PBXBuildFile; fileRef = F58C07D71F747A1D00A5D3FB /* Fish Caught.mp3 */; };
		3A3921E92A093EBB00A2E329 /* Reel Start Sound.mp3 in Resources */ = {isa = PBXBuildFile; fileRef = F58C07DB1F747A1E00A5D3FB /* Reel Start Sound.mp3 */; };
		3A3921EA2A093EBB00A2E329 /* Yum Fish Sound.mp3 in Resources */ = {isa = PBXBuildFile; fileRef = F58C07DF1F747A1F00A5D3FB /* Yum Fish Sound.mp3 */; };
		3A3921EB2A093EBB00A2E329 /* Game Over Sound.mp3 in Resources */ = {isa = PBXBuildFile; fileRef = F58C07D91F747A1D00A5D3FB /* Game Over Sound.mp3 */; };
		3A3921EC2A093EBB00A2E329 /* Zombie Sound.mp3 in Resources */ = {isa = PBXBuildFile; fileRef = F58C07D81F747A1D00A5D3FB /* Zombie Sound.mp3 */; };
		3A3921ED2A093EBB00A2E329 /* Fishing Ambience Sound.mp3 in Resources */ = {isa = PBXBuildFile; fileRef = F58C07DD1F747A1F00A5D3FB /* Fishing Ambience Sound.mp3 */; };
		3A3921EE2A093EBB00A2E329 /* Fish Bash Sound.mp3 in Resources */ = {isa = PBXBuildFile; fileRef = F58C07DC1F747A1E00A5D3FB /* Fish Bash Sound.mp3 */; };
		3A3921EF2A093EBB00A2E329 /* Fish Off Sound.mp3 in Resources */ = {isa = PBXBuildFile; fileRef = F58C07DA1F747A1E00A5D3FB /* Fish Off Sound.mp3 */; };
		3A3921F02A093ECD00A2E329 /* SKColor+Extensions.swift in Sources */ = {isa = PBXBuildFile; fileRef = 3A86804929EEC2BC007AA0FC /* SKColor+Extensions.swift */; };
		3A3921F12A093ECD00A2E329 /* SKTEffects.swift in Sources */ = {isa = PBXBuildFile; fileRef = 3A86805129EEC2BC007AA0FC /* SKTEffects.swift */; };
		3A3921F22A093ECD00A2E329 /* SKNode+Extensions.swift in Sources */ = {isa = PBXBuildFile; fileRef = 3A86804F29EEC2BC007AA0FC /* SKNode+Extensions.swift */; };
		3A3921F32A093ECD00A2E329 /* Int+Extensions.swift in Sources */ = {isa = PBXBuildFile; fileRef = 3A86804B29EEC2BC007AA0FC /* Int+Extensions.swift */; };
		3A3921F42A093ECD00A2E329 /* CGPoint+Extensions.swift in Sources */ = {isa = PBXBuildFile; fileRef = 3A86805029EEC2BC007AA0FC /* CGPoint+Extensions.swift */; };
		3A3921F52A093ECD00A2E329 /* SKTAudio.swift in Sources */ = {isa = PBXBuildFile; fileRef = 3A86805229EEC2BC007AA0FC /* SKTAudio.swift */; };
		3A3921F62A093ECD00A2E329 /* CGFloat+Extensions.swift in Sources */ = {isa = PBXBuildFile; fileRef = 3A86805429EEC2BC007AA0FC /* CGFloat+Extensions.swift */; };
		3A3921F72A093ECD00A2E329 /* SKAction+SpecialEffects.swift in Sources */ = {isa = PBXBuildFile; fileRef = 3A86804E29EEC2BC007AA0FC /* SKAction+SpecialEffects.swift */; };
		3A3921F82A093ECD00A2E329 /* SKTTimingFunctions.swift in Sources */ = {isa = PBXBuildFile; fileRef = 3A86804C29EEC2BC007AA0FC /* SKTTimingFunctions.swift */; };
		3A3921F92A093ECD00A2E329 /* SKAction+Extensions.swift in Sources */ = {isa = PBXBuildFile; fileRef = 3A86804D29EEC2BC007AA0FC /* SKAction+Extensions.swift */; };
		3A3921FA2A093ECD00A2E329 /* CGVector+Extensions.swift in Sources */ = {isa = PBXBuildFile; fileRef = 3A86804A29EEC2BC007AA0FC /* CGVector+Extensions.swift */; };
		3A3921FB2A093ECD00A2E329 /* Vector3.swift in Sources */ = {isa = PBXBuildFile; fileRef = 3A86805329EEC2BC007AA0FC /* Vector3.swift */; };
		3A3921FC2A093EE000A2E329 /* Assets.xcassets in Resources */ = {isa = PBXBuildFile; fileRef = F5954B991D21F0F60088187E /* Assets.xcassets */; };
		3A6FBB9C2A1265B5009734F0 /* Protocols.swift in Sources */ = {isa = PBXBuildFile; fileRef = 3A6FBB9B2A1265B5009734F0 /* Protocols.swift */; };
		3A86805529EEC2BC007AA0FC /* SKColor+Extensions.swift in Sources */ = {isa = PBXBuildFile; fileRef = 3A86804929EEC2BC007AA0FC /* SKColor+Extensions.swift */; };
		3A86805629EEC2BC007AA0FC /* CGVector+Extensions.swift in Sources */ = {isa = PBXBuildFile; fileRef = 3A86804A29EEC2BC007AA0FC /* CGVector+Extensions.swift */; };
		3A86805729EEC2BC007AA0FC /* Int+Extensions.swift in Sources */ = {isa = PBXBuildFile; fileRef = 3A86804B29EEC2BC007AA0FC /* Int+Extensions.swift */; };
		3A86805829EEC2BC007AA0FC /* SKTTimingFunctions.swift in Sources */ = {isa = PBXBuildFile; fileRef = 3A86804C29EEC2BC007AA0FC /* SKTTimingFunctions.swift */; };
		3A86805929EEC2BC007AA0FC /* SKAction+Extensions.swift in Sources */ = {isa = PBXBuildFile; fileRef = 3A86804D29EEC2BC007AA0FC /* SKAction+Extensions.swift */; };
		3A86805A29EEC2BC007AA0FC /* SKAction+SpecialEffects.swift in Sources */ = {isa = PBXBuildFile; fileRef = 3A86804E29EEC2BC007AA0FC /* SKAction+SpecialEffects.swift */; };
		3A86805B29EEC2BC007AA0FC /* SKNode+Extensions.swift in Sources */ = {isa = PBXBuildFile; fileRef = 3A86804F29EEC2BC007AA0FC /* SKNode+Extensions.swift */; };
		3A86805C29EEC2BC007AA0FC /* CGPoint+Extensions.swift in Sources */ = {isa = PBXBuildFile; fileRef = 3A86805029EEC2BC007AA0FC /* CGPoint+Extensions.swift */; };
		3A86805D29EEC2BC007AA0FC /* SKTEffects.swift in Sources */ = {isa = PBXBuildFile; fileRef = 3A86805129EEC2BC007AA0FC /* SKTEffects.swift */; };
		3A86805E29EEC2BC007AA0FC /* SKTAudio.swift in Sources */ = {isa = PBXBuildFile; fileRef = 3A86805229EEC2BC007AA0FC /* SKTAudio.swift */; };
		3A86805F29EEC2BC007AA0FC /* Vector3.swift in Sources */ = {isa = PBXBuildFile; fileRef = 3A86805329EEC2BC007AA0FC /* Vector3.swift */; };
		3A86806029EEC2BC007AA0FC /* CGFloat+Extensions.swift in Sources */ = {isa = PBXBuildFile; fileRef = 3A86805429EEC2BC007AA0FC /* CGFloat+Extensions.swift */; };
		3A86807229EEC395007AA0FC /* macOS.xcassets in Resources */ = {isa = PBXBuildFile; fileRef = 3A86807129EEC395007AA0FC /* macOS.xcassets */; };
		3A86807529EEC395007AA0FC /* Main.storyboard in Resources */ = {isa = PBXBuildFile; fileRef = 3A86807329EEC395007AA0FC /* Main.storyboard */; };
		3A86807A29EEC449007AA0FC /* GameScene.swift in Sources */ = {isa = PBXBuildFile; fileRef = F5954B921D21F0F60088187E /* GameScene.swift */; };
		3A86807B29EEC449007AA0FC /* GameScene.sks in Resources */ = {isa = PBXBuildFile; fileRef = F5954B8E1D21F0F60088187E /* GameScene.sks */; };
		3A86807C29EEC487007AA0FC /* Zombie Sound.mp3 in Resources */ = {isa = PBXBuildFile; fileRef = F58C07D81F747A1D00A5D3FB /* Zombie Sound.mp3 */; };
		3A86807D29EEC487007AA0FC /* Reel Tick Sound.mp3 in Resources */ = {isa = PBXBuildFile; fileRef = F58C07DE1F747A1F00A5D3FB /* Reel Tick Sound.mp3 */; };
		3A86807E29EEC487007AA0FC /* Fish Bash Sound.mp3 in Resources */ = {isa = PBXBuildFile; fileRef = F58C07DC1F747A1E00A5D3FB /* Fish Bash Sound.mp3 */; };
		3A86807F29EEC487007AA0FC /* Game Over Sound.mp3 in Resources */ = {isa = PBXBuildFile; fileRef = F58C07D91F747A1D00A5D3FB /* Game Over Sound.mp3 */; };
		3A86808029EEC487007AA0FC /* Fish Off Sound.mp3 in Resources */ = {isa = PBXBuildFile; fileRef = F58C07DA1F747A1E00A5D3FB /* Fish Off Sound.mp3 */; };
		3A86808129EEC487007AA0FC /* Fishing Ambience Sound.mp3 in Resources */ = {isa = PBXBuildFile; fileRef = F58C07DD1F747A1F00A5D3FB /* Fishing Ambience Sound.mp3 */; };
		3A86808229EEC487007AA0FC /* Reel Start Sound.mp3 in Resources */ = {isa = PBXBuildFile; fileRef = F58C07DB1F747A1E00A5D3FB /* Reel Start Sound.mp3 */; };
		3A86808329EEC487007AA0FC /* Fish Caught.mp3 in Resources */ = {isa = PBXBuildFile; fileRef = F58C07D71F747A1D00A5D3FB /* Fish Caught.mp3 */; };
		3A86808429EEC487007AA0FC /* Yum Fish Sound.mp3 in Resources */ = {isa = PBXBuildFile; fileRef = F58C07DF1F747A1F00A5D3FB /* Yum Fish Sound.mp3 */; };
		3A86808529EEC48A007AA0FC /* Splash.sks in Resources */ = {isa = PBXBuildFile; fileRef = F57E6CC61D3D4D8F00827D9A /* Splash.sks */; };
		3A86808629EEC499007AA0FC /* SKTAudio.swift in Sources */ = {isa = PBXBuildFile; fileRef = 3A86805229EEC2BC007AA0FC /* SKTAudio.swift */; };
		3A86808729EEC499007AA0FC /* CGVector+Extensions.swift in Sources */ = {isa = PBXBuildFile; fileRef = 3A86804A29EEC2BC007AA0FC /* CGVector+Extensions.swift */; };
		3A86808829EEC499007AA0FC /* SKTTimingFunctions.swift in Sources */ = {isa = PBXBuildFile; fileRef = 3A86804C29EEC2BC007AA0FC /* SKTTimingFunctions.swift */; };
		3A86808929EEC499007AA0FC /* Int+Extensions.swift in Sources */ = {isa = PBXBuildFile; fileRef = 3A86804B29EEC2BC007AA0FC /* Int+Extensions.swift */; };
		3A86808A29EEC499007AA0FC /* SKAction+SpecialEffects.swift in Sources */ = {isa = PBXBuildFile; fileRef = 3A86804E29EEC2BC007AA0FC /* SKAction+SpecialEffects.swift */; };
		3A86808B29EEC499007AA0FC /* SKNode+Extensions.swift in Sources */ = {isa = PBXBuildFile; fileRef = 3A86804F29EEC2BC007AA0FC /* SKNode+Extensions.swift */; };
		3A86808C29EEC499007AA0FC /* CGFloat+Extensions.swift in Sources */ = {isa = PBXBuildFile; fileRef = 3A86805429EEC2BC007AA0FC /* CGFloat+Extensions.swift */; };
		3A86808D29EEC499007AA0FC /* Vector3.swift in Sources */ = {isa = PBXBuildFile; fileRef = 3A86805329EEC2BC007AA0FC /* Vector3.swift */; };
		3A86808E29EEC499007AA0FC /* CGPoint+Extensions.swift in Sources */ = {isa = PBXBuildFile; fileRef = 3A86805029EEC2BC007AA0FC /* CGPoint+Extensions.swift */; };
		3A86808F29EEC499007AA0FC /* SKColor+Extensions.swift in Sources */ = {isa = PBXBuildFile; fileRef = 3A86804929EEC2BC007AA0FC /* SKColor+Extensions.swift */; };
		3A86809029EEC499007AA0FC /* SKTEffects.swift in Sources */ = {isa = PBXBuildFile; fileRef = 3A86805129EEC2BC007AA0FC /* SKTEffects.swift */; };
		3A86809129EEC499007AA0FC /* SKAction+Extensions.swift in Sources */ = {isa = PBXBuildFile; fileRef = 3A86804D29EEC2BC007AA0FC /* SKAction+Extensions.swift */; };
		3A86809329EEC81D007AA0FC /* AppDelegate.swift in Sources */ = {isa = PBXBuildFile; fileRef = 3A86806729EEC395007AA0FC /* AppDelegate.swift */; };
		3A86809429EEC822007AA0FC /* ViewController.swift in Sources */ = {isa = PBXBuildFile; fileRef = 3A86806F29EEC395007AA0FC /* ViewController.swift */; };
		3AA2C83929EEDC4A00EFE36E /* Assets.xcassets in Resources */ = {isa = PBXBuildFile; fileRef = F5954B991D21F0F60088187E /* Assets.xcassets */; };
		3AA2C83A29EEDC6700EFE36E /* Assets.xcassets in Resources */ = {isa = PBXBuildFile; fileRef = F5954B991D21F0F60088187E /* Assets.xcassets */; };
		3ABC46152A0D0E9A0004B5E5 /* GameScene_GameControllers.swift in Sources */ = {isa = PBXBuildFile; fileRef = 3ABC46142A0D0E9A0004B5E5 /* GameScene_GameControllers.swift */; };
		3ABC46162A0D0E9A0004B5E5 /* GameScene_GameControllers.swift in Sources */ = {isa = PBXBuildFile; fileRef = 3ABC46142A0D0E9A0004B5E5 /* GameScene_GameControllers.swift */; };
		3ABC46172A0D0E9A0004B5E5 /* GameScene_GameControllers.swift in Sources */ = {isa = PBXBuildFile; fileRef = 3ABC46142A0D0E9A0004B5E5 /* GameScene_GameControllers.swift */; };
		3AD820382A1651C700C61D58 /* Zombie Piranhas watchOS Watch App.app in Embed Watch Content */ = {isa = PBXBuildFile; fileRef = 3AD820372A1651C700C61D58 /* Zombie Piranhas watchOS Watch App.app */; settings = {ATTRIBUTES = (RemoveHeadersOnCopy, ); }; };
		3AD8203D2A1651C700C61D58 /* Zombie_Piranhas_watchOSApp.swift in Sources */ = {isa = PBXBuildFile; fileRef = 3AD8203C2A1651C700C61D58 /* Zombie_Piranhas_watchOSApp.swift */; };
		3AD8203F2A1651C700C61D58 /* ContentView.swift in Sources */ = {isa = PBXBuildFile; fileRef = 3AD8203E2A1651C700C61D58 /* ContentView.swift */; };
		3AD820412A1651C800C61D58 /* Assets.xcassets in Resources */ = {isa = PBXBuildFile; fileRef = 3AD820402A1651C800C61D58 /* Assets.xcassets */; };
		3AD820442A1651C800C61D58 /* Preview Assets.xcassets in Resources */ = {isa = PBXBuildFile; fileRef = 3AD820432A1651C800C61D58 /* Preview Assets.xcassets */; };
		3AD8204E2A1655B500C61D58 /* Splash.sks in Resources */ = {isa = PBXBuildFile; fileRef = F57E6CC61D3D4D8F00827D9A /* Splash.sks */; };
		3AD820502A1655CD00C61D58 /* Fish Bash Sound.mp3 in Resources */ = {isa = PBXBuildFile; fileRef = F58C07DC1F747A1E00A5D3FB /* Fish Bash Sound.mp3 */; };
		3AD820512A1655CD00C61D58 /* Fishing Ambience Sound.mp3 in Resources */ = {isa = PBXBuildFile; fileRef = F58C07DD1F747A1F00A5D3FB /* Fishing Ambience Sound.mp3 */; };
		3AD820522A1655CD00C61D58 /* Yum Fish Sound.mp3 in Resources */ = {isa = PBXBuildFile; fileRef = F58C07DF1F747A1F00A5D3FB /* Yum Fish Sound.mp3 */; };
		3AD820532A1655CD00C61D58 /* Fish Caught.mp3 in Resources */ = {isa = PBXBuildFile; fileRef = F58C07D71F747A1D00A5D3FB /* Fish Caught.mp3 */; };
		3AD820542A1655CD00C61D58 /* Reel Tick Sound.mp3 in Resources */ = {isa = PBXBuildFile; fileRef = F58C07DE1F747A1F00A5D3FB /* Reel Tick Sound.mp3 */; };
		3AD820552A1655CD00C61D58 /* Zombie Sound.mp3 in Resources */ = {isa = PBXBuildFile; fileRef = F58C07D81F747A1D00A5D3FB /* Zombie Sound.mp3 */; };
		3AD820562A1655CD00C61D58 /* Reel Start Sound.mp3 in Resources */ = {isa = PBXBuildFile; fileRef = F58C07DB1F747A1E00A5D3FB /* Reel Start Sound.mp3 */; };
		3AD820572A1655CD00C61D58 /* Fish Off Sound.mp3 in Resources */ = {isa = PBXBuildFile; fileRef = F58C07DA1F747A1E00A5D3FB /* Fish Off Sound.mp3 */; };
		3AD820582A1655CD00C61D58 /* Game Over Sound.mp3 in Resources */ = {isa = PBXBuildFile; fileRef = F58C07D91F747A1D00A5D3FB /* Game Over Sound.mp3 */; };
		3AD820592A1655DD00C61D58 /* SKTEffects.swift in Sources */ = {isa = PBXBuildFile; fileRef = 3A86805129EEC2BC007AA0FC /* SKTEffects.swift */; };
		3AD8205B2A1655DD00C61D58 /* SKAction+SpecialEffects.swift in Sources */ = {isa = PBXBuildFile; fileRef = 3A86804E29EEC2BC007AA0FC /* SKAction+SpecialEffects.swift */; };
		3AD8205C2A1655DD00C61D58 /* CGPoint+Extensions.swift in Sources */ = {isa = PBXBuildFile; fileRef = 3A86805029EEC2BC007AA0FC /* CGPoint+Extensions.swift */; };
		3AD8205D2A1655DD00C61D58 /* CGFloat+Extensions.swift in Sources */ = {isa = PBXBuildFile; fileRef = 3A86805429EEC2BC007AA0FC /* CGFloat+Extensions.swift */; };
		3AD8205E2A1655DD00C61D58 /* SKColor+Extensions.swift in Sources */ = {isa = PBXBuildFile; fileRef = 3A86804929EEC2BC007AA0FC /* SKColor+Extensions.swift */; };
		3AD8205F2A1655DD00C61D58 /* CGVector+Extensions.swift in Sources */ = {isa = PBXBuildFile; fileRef = 3A86804A29EEC2BC007AA0FC /* CGVector+Extensions.swift */; };
		3AD820602A1655DD00C61D58 /* SKTTimingFunctions.swift in Sources */ = {isa = PBXBuildFile; fileRef = 3A86804C29EEC2BC007AA0FC /* SKTTimingFunctions.swift */; };
		3AD820612A1655DD00C61D58 /* Vector3.swift in Sources */ = {isa = PBXBuildFile; fileRef = 3A86805329EEC2BC007AA0FC /* Vector3.swift */; };
		3AD820622A1655DD00C61D58 /* SKNode+Extensions.swift in Sources */ = {isa = PBXBuildFile; fileRef = 3A86804F29EEC2BC007AA0FC /* SKNode+Extensions.swift */; };
		3AD820632A1655DD00C61D58 /* Int+Extensions.swift in Sources */ = {isa = PBXBuildFile; fileRef = 3A86804B29EEC2BC007AA0FC /* Int+Extensions.swift */; };
		3AD820642A1655DD00C61D58 /* SKAction+Extensions.swift in Sources */ = {isa = PBXBuildFile; fileRef = 3A86804D29EEC2BC007AA0FC /* SKAction+Extensions.swift */; };
		3AD820662A16566A00C61D58 /* GameScene.sks in Resources */ = {isa = PBXBuildFile; fileRef = 3AD820652A16566A00C61D58 /* GameScene.sks */; };
		3AD820682A1657ED00C61D58 /* GameScene_WatchOS.swift in Sources */ = {isa = PBXBuildFile; fileRef = 3AD820672A1657ED00C61D58 /* GameScene_WatchOS.swift */; };
		3AD820692A165E3400C61D58 /* GameScene_WatchOS.swift in Sources */ = {isa = PBXBuildFile; fileRef = 3AD820672A1657ED00C61D58 /* GameScene_WatchOS.swift */; };
		3AD8206A2A165E8F00C61D58 /* GameScene.swift in Sources */ = {isa = PBXBuildFile; fileRef = F5954B921D21F0F60088187E /* GameScene.swift */; };
		3AD8206B2A1663B300C61D58 /* GameScene.sks in Resources */ = {isa = PBXBuildFile; fileRef = 3AD820652A16566A00C61D58 /* GameScene.sks */; };
		F57E6CC81D3D4D8F00827D9A /* Splash.sks in Resources */ = {isa = PBXBuildFile; fileRef = F57E6CC61D3D4D8F00827D9A /* Splash.sks */; };
		F58C07E01F747A1F00A5D3FB /* Fish Caught.mp3 in Resources */ = {isa = PBXBuildFile; fileRef = F58C07D71F747A1D00A5D3FB /* Fish Caught.mp3 */; };
		F58C07E11F747A1F00A5D3FB /* Zombie Sound.mp3 in Resources */ = {isa = PBXBuildFile; fileRef = F58C07D81F747A1D00A5D3FB /* Zombie Sound.mp3 */; };
		F58C07E21F747A1F00A5D3FB /* Game Over Sound.mp3 in Resources */ = {isa = PBXBuildFile; fileRef = F58C07D91F747A1D00A5D3FB /* Game Over Sound.mp3 */; };
		F58C07E31F747A1F00A5D3FB /* Fish Off Sound.mp3 in Resources */ = {isa = PBXBuildFile; fileRef = F58C07DA1F747A1E00A5D3FB /* Fish Off Sound.mp3 */; };
		F58C07E41F747A1F00A5D3FB /* Reel Start Sound.mp3 in Resources */ = {isa = PBXBuildFile; fileRef = F58C07DB1F747A1E00A5D3FB /* Reel Start Sound.mp3 */; };
		F58C07E51F747A1F00A5D3FB /* Fish Bash Sound.mp3 in Resources */ = {isa = PBXBuildFile; fileRef = F58C07DC1F747A1E00A5D3FB /* Fish Bash Sound.mp3 */; };
		F58C07E61F747A1F00A5D3FB /* Fishing Ambience Sound.mp3 in Resources */ = {isa = PBXBuildFile; fileRef = F58C07DD1F747A1F00A5D3FB /* Fishing Ambience Sound.mp3 */; };
		F58C07E71F747A1F00A5D3FB /* Reel Tick Sound.mp3 in Resources */ = {isa = PBXBuildFile; fileRef = F58C07DE1F747A1F00A5D3FB /* Reel Tick Sound.mp3 */; };
		F58C07E81F747A1F00A5D3FB /* Yum Fish Sound.mp3 in Resources */ = {isa = PBXBuildFile; fileRef = F58C07DF1F747A1F00A5D3FB /* Yum Fish Sound.mp3 */; };
		F5954B8D1D21F0F60088187E /* AppDelegate.swift in Sources */ = {isa = PBXBuildFile; fileRef = F5954B8C1D21F0F60088187E /* AppDelegate.swift */; };
		F5954B8F1D21F0F60088187E /* GameScene.sks in Resources */ = {isa = PBXBuildFile; fileRef = F5954B8E1D21F0F60088187E /* GameScene.sks */; };
		F5954B931D21F0F60088187E /* GameScene.swift in Sources */ = {isa = PBXBuildFile; fileRef = F5954B921D21F0F60088187E /* GameScene.swift */; };
		F5954B951D21F0F60088187E /* GameViewController.swift in Sources */ = {isa = PBXBuildFile; fileRef = F5954B941D21F0F60088187E /* GameViewController.swift */; };
		F5954B981D21F0F60088187E /* Main.storyboard in Resources */ = {isa = PBXBuildFile; fileRef = F5954B961D21F0F60088187E /* Main.storyboard */; };
		F5954B9D1D21F0F60088187E /* LaunchScreen.storyboard in Resources */ = {isa = PBXBuildFile; fileRef = F5954B9B1D21F0F60088187E /* LaunchScreen.storyboard */; };
/* End PBXBuildFile section */

/* Begin PBXContainerItemProxy section */
		3AD820392A1651C700C61D58 /* PBXContainerItemProxy */ = {
			isa = PBXContainerItemProxy;
			containerPortal = F5954B811D21F0F60088187E /* Project object */;
			proxyType = 1;
			remoteGlobalIDString = 3AD820362A1651C700C61D58;
			remoteInfo = "Zombie Piranhas watchOS Watch App";
		};
/* End PBXContainerItemProxy section */

/* Begin PBXCopyFilesBuildPhase section */
		3AD820472A1651C800C61D58 /* Embed Watch Content */ = {
			isa = PBXCopyFilesBuildPhase;
			buildActionMask = 2147483647;
			dstPath = "$(CONTENTS_FOLDER_PATH)/Watch";
			dstSubfolderSpec = 16;
			files = (
				3AD820382A1651C700C61D58 /* Zombie Piranhas watchOS Watch App.app in Embed Watch Content */,
			);
			name = "Embed Watch Content";
			runOnlyForDeploymentPostprocessing = 0;
		};
/* End PBXCopyFilesBuildPhase section */

/* Begin PBXFileReference section */
		3A3921CD2A0937FA00A2E329 /* Zombie Piranhas.app */ = {isa = PBXFileReference; explicitFileType = wrapper.application; includeInIndex = 0; path = "Zombie Piranhas.app"; sourceTree = BUILT_PRODUCTS_DIR; };
		3A3921CF2A0937FA00A2E329 /* AppDelegate.swift */ = {isa = PBXFileReference; lastKnownFileType = sourcecode.swift; path = AppDelegate.swift; sourceTree = "<group>"; };
		3A3921D72A0937FA00A2E329 /* GameViewController.swift */ = {isa = PBXFileReference; lastKnownFileType = sourcecode.swift; path = GameViewController.swift; sourceTree = "<group>"; };
		3A3921DA2A0937FA00A2E329 /* Base */ = {isa = PBXFileReference; lastKnownFileType = file.storyboard; name = Base; path = Base.lproj/Main.storyboard; sourceTree = "<group>"; };
		3A3921DC2A0937FB00A2E329 /* Assets_tvos.xcassets */ = {isa = PBXFileReference; lastKnownFileType = folder.assetcatalog; path = Assets_tvos.xcassets; sourceTree = "<group>"; };
		3A3921DF2A0937FB00A2E329 /* Base */ = {isa = PBXFileReference; lastKnownFileType = file.storyboard; name = Base; path = Base.lproj/LaunchScreen.storyboard; sourceTree = "<group>"; };
		3A3921FD2A096E2E00A2E329 /* Zombie-Piranhas-tvOS-Info.plist */ = {isa = PBXFileReference; lastKnownFileType = text.plist; path = "Zombie-Piranhas-tvOS-Info.plist"; sourceTree = SOURCE_ROOT; };
		3A6FBB9B2A1265B5009734F0 /* Protocols.swift */ = {isa = PBXFileReference; lastKnownFileType = sourcecode.swift; path = Protocols.swift; sourceTree = "<group>"; };
		3A86804929EEC2BC007AA0FC /* SKColor+Extensions.swift */ = {isa = PBXFileReference; fileEncoding = 4; lastKnownFileType = sourcecode.swift; path = "SKColor+Extensions.swift"; sourceTree = "<group>"; };
		3A86804A29EEC2BC007AA0FC /* CGVector+Extensions.swift */ = {isa = PBXFileReference; fileEncoding = 4; lastKnownFileType = sourcecode.swift; path = "CGVector+Extensions.swift"; sourceTree = "<group>"; };
		3A86804B29EEC2BC007AA0FC /* Int+Extensions.swift */ = {isa = PBXFileReference; fileEncoding = 4; lastKnownFileType = sourcecode.swift; path = "Int+Extensions.swift"; sourceTree = "<group>"; };
		3A86804C29EEC2BC007AA0FC /* SKTTimingFunctions.swift */ = {isa = PBXFileReference; fileEncoding = 4; lastKnownFileType = sourcecode.swift; path = SKTTimingFunctions.swift; sourceTree = "<group>"; };
		3A86804D29EEC2BC007AA0FC /* SKAction+Extensions.swift */ = {isa = PBXFileReference; fileEncoding = 4; lastKnownFileType = sourcecode.swift; path = "SKAction+Extensions.swift"; sourceTree = "<group>"; };
		3A86804E29EEC2BC007AA0FC /* SKAction+SpecialEffects.swift */ = {isa = PBXFileReference; fileEncoding = 4; lastKnownFileType = sourcecode.swift; path = "SKAction+SpecialEffects.swift"; sourceTree = "<group>"; };
		3A86804F29EEC2BC007AA0FC /* SKNode+Extensions.swift */ = {isa = PBXFileReference; fileEncoding = 4; lastKnownFileType = sourcecode.swift; path = "SKNode+Extensions.swift"; sourceTree = "<group>"; };
		3A86805029EEC2BC007AA0FC /* CGPoint+Extensions.swift */ = {isa = PBXFileReference; fileEncoding = 4; lastKnownFileType = sourcecode.swift; path = "CGPoint+Extensions.swift"; sourceTree = "<group>"; };
		3A86805129EEC2BC007AA0FC /* SKTEffects.swift */ = {isa = PBXFileReference; fileEncoding = 4; lastKnownFileType = sourcecode.swift; path = SKTEffects.swift; sourceTree = "<group>"; };
		3A86805229EEC2BC007AA0FC /* SKTAudio.swift */ = {isa = PBXFileReference; fileEncoding = 4; lastKnownFileType = sourcecode.swift; path = SKTAudio.swift; sourceTree = "<group>"; };
		3A86805329EEC2BC007AA0FC /* Vector3.swift */ = {isa = PBXFileReference; fileEncoding = 4; lastKnownFileType = sourcecode.swift; path = Vector3.swift; sourceTree = "<group>"; };
		3A86805429EEC2BC007AA0FC /* CGFloat+Extensions.swift */ = {isa = PBXFileReference; fileEncoding = 4; lastKnownFileType = sourcecode.swift; path = "CGFloat+Extensions.swift"; sourceTree = "<group>"; };
		3A86806529EEC395007AA0FC /* Zombie Piranhas.app */ = {isa = PBXFileReference; explicitFileType = wrapper.application; includeInIndex = 0; path = "Zombie Piranhas.app"; sourceTree = BUILT_PRODUCTS_DIR; };
		3A86806729EEC395007AA0FC /* AppDelegate.swift */ = {isa = PBXFileReference; lastKnownFileType = sourcecode.swift; path = AppDelegate.swift; sourceTree = "<group>"; };
		3A86806929EEC395007AA0FC /* GameScene.sks */ = {isa = PBXFileReference; lastKnownFileType = file.sks; path = GameScene.sks; sourceTree = "<group>"; };
		3A86806B29EEC395007AA0FC /* Actions.sks */ = {isa = PBXFileReference; lastKnownFileType = file.sks; path = Actions.sks; sourceTree = "<group>"; };
		3A86806D29EEC395007AA0FC /* GameScene.swift */ = {isa = PBXFileReference; lastKnownFileType = sourcecode.swift; path = GameScene.swift; sourceTree = "<group>"; };
		3A86806F29EEC395007AA0FC /* ViewController.swift */ = {isa = PBXFileReference; lastKnownFileType = sourcecode.swift; path = ViewController.swift; sourceTree = "<group>"; };
		3A86807129EEC395007AA0FC /* macOS.xcassets */ = {isa = PBXFileReference; lastKnownFileType = folder.assetcatalog; path = macOS.xcassets; sourceTree = "<group>"; };
		3A86807429EEC395007AA0FC /* Base */ = {isa = PBXFileReference; lastKnownFileType = file.storyboard; name = Base; path = Base.lproj/Main.storyboard; sourceTree = "<group>"; };
		3A86807629EEC395007AA0FC /* Zombie_Piranhas_macOS.entitlements */ = {isa = PBXFileReference; lastKnownFileType = text.plist.entitlements; path = Zombie_Piranhas_macOS.entitlements; sourceTree = "<group>"; };
		3ABC46142A0D0E9A0004B5E5 /* GameScene_GameControllers.swift */ = {isa = PBXFileReference; lastKnownFileType = sourcecode.swift; path = GameScene_GameControllers.swift; sourceTree = "<group>"; };
		3AD820322A1651C700C61D58 /* Zombie Piranhas watchOS.app */ = {isa = PBXFileReference; explicitFileType = wrapper.application; includeInIndex = 0; path = "Zombie Piranhas watchOS.app"; sourceTree = BUILT_PRODUCTS_DIR; };
		3AD820372A1651C700C61D58 /* Zombie Piranhas watchOS Watch App.app */ = {isa = PBXFileReference; explicitFileType = wrapper.application; includeInIndex = 0; path = "Zombie Piranhas watchOS Watch App.app"; sourceTree = BUILT_PRODUCTS_DIR; };
		3AD8203C2A1651C700C61D58 /* Zombie_Piranhas_watchOSApp.swift */ = {isa = PBXFileReference; lastKnownFileType = sourcecode.swift; path = Zombie_Piranhas_watchOSApp.swift; sourceTree = "<group>"; };
		3AD8203E2A1651C700C61D58 /* ContentView.swift */ = {isa = PBXFileReference; lastKnownFileType = sourcecode.swift; path = ContentView.swift; sourceTree = "<group>"; };
		3AD820402A1651C800C61D58 /* Assets.xcassets */ = {isa = PBXFileReference; lastKnownFileType = folder.assetcatalog; path = Assets.xcassets; sourceTree = "<group>"; };
		3AD820432A1651C800C61D58 /* Preview Assets.xcassets */ = {isa = PBXFileReference; lastKnownFileType = folder.assetcatalog; path = "Preview Assets.xcassets"; sourceTree = "<group>"; };
		3AD820652A16566A00C61D58 /* GameScene.sks */ = {isa = PBXFileReference; lastKnownFileType = file.sks; path = GameScene.sks; sourceTree = "<group>"; };
		3AD820672A1657ED00C61D58 /* GameScene_WatchOS.swift */ = {isa = PBXFileReference; lastKnownFileType = sourcecode.swift; path = GameScene_WatchOS.swift; sourceTree = "<group>"; };
		F57E6CC61D3D4D8F00827D9A /* Splash.sks */ = {isa = PBXFileReference; lastKnownFileType = file.sks; path = Splash.sks; sourceTree = "<group>"; };
		F58C07D71F747A1D00A5D3FB /* Fish Caught.mp3 */ = {isa = PBXFileReference; lastKnownFileType = audio.mp3; path = "Fish Caught.mp3"; sourceTree = "<group>"; };
		F58C07D81F747A1D00A5D3FB /* Zombie Sound.mp3 */ = {isa = PBXFileReference; lastKnownFileType = audio.mp3; path = "Zombie Sound.mp3"; sourceTree = "<group>"; };
		F58C07D91F747A1D00A5D3FB /* Game Over Sound.mp3 */ = {isa = PBXFileReference; lastKnownFileType = audio.mp3; path = "Game Over Sound.mp3"; sourceTree = "<group>"; };
		F58C07DA1F747A1E00A5D3FB /* Fish Off Sound.mp3 */ = {isa = PBXFileReference; lastKnownFileType = audio.mp3; path = "Fish Off Sound.mp3"; sourceTree = "<group>"; };
		F58C07DB1F747A1E00A5D3FB /* Reel Start Sound.mp3 */ = {isa = PBXFileReference; lastKnownFileType = audio.mp3; path = "Reel Start Sound.mp3"; sourceTree = "<group>"; };
		F58C07DC1F747A1E00A5D3FB /* Fish Bash Sound.mp3 */ = {isa = PBXFileReference; lastKnownFileType = audio.mp3; path = "Fish Bash Sound.mp3"; sourceTree = "<group>"; };
		F58C07DD1F747A1F00A5D3FB /* Fishing Ambience Sound.mp3 */ = {isa = PBXFileReference; lastKnownFileType = audio.mp3; path = "Fishing Ambience Sound.mp3"; sourceTree = "<group>"; };
		F58C07DE1F747A1F00A5D3FB /* Reel Tick Sound.mp3 */ = {isa = PBXFileReference; lastKnownFileType = audio.mp3; path = "Reel Tick Sound.mp3"; sourceTree = "<group>"; };
		F58C07DF1F747A1F00A5D3FB /* Yum Fish Sound.mp3 */ = {isa = PBXFileReference; lastKnownFileType = audio.mp3; path = "Yum Fish Sound.mp3"; sourceTree = "<group>"; };
		F5954B891D21F0F60088187E /* Zombie Piranhas.app */ = {isa = PBXFileReference; explicitFileType = wrapper.application; includeInIndex = 0; path = "Zombie Piranhas.app"; sourceTree = BUILT_PRODUCTS_DIR; };
		F5954B8C1D21F0F60088187E /* AppDelegate.swift */ = {isa = PBXFileReference; lastKnownFileType = sourcecode.swift; path = AppDelegate.swift; sourceTree = "<group>"; };
		F5954B8E1D21F0F60088187E /* GameScene.sks */ = {isa = PBXFileReference; lastKnownFileType = file.sks; path = GameScene.sks; sourceTree = "<group>"; };
		F5954B921D21F0F60088187E /* GameScene.swift */ = {isa = PBXFileReference; lastKnownFileType = sourcecode.swift; path = GameScene.swift; sourceTree = "<group>"; };
		F5954B941D21F0F60088187E /* GameViewController.swift */ = {isa = PBXFileReference; lastKnownFileType = sourcecode.swift; path = GameViewController.swift; sourceTree = "<group>"; };
		F5954B971D21F0F60088187E /* Base */ = {isa = PBXFileReference; lastKnownFileType = file.storyboard; name = Base; path = Base.lproj/Main.storyboard; sourceTree = "<group>"; };
		F5954B991D21F0F60088187E /* Assets.xcassets */ = {isa = PBXFileReference; lastKnownFileType = folder.assetcatalog; path = Assets.xcassets; sourceTree = "<group>"; };
		F5954B9C1D21F0F60088187E /* Base */ = {isa = PBXFileReference; lastKnownFileType = file.storyboard; name = Base; path = Base.lproj/LaunchScreen.storyboard; sourceTree = "<group>"; };
		F5954B9E1D21F0F60088187E /* Info.plist */ = {isa = PBXFileReference; lastKnownFileType = text.plist.xml; path = Info.plist; sourceTree = "<group>"; };
/* End PBXFileReference section */

/* Begin PBXFrameworksBuildPhase section */
		3A3921CA2A0937FA00A2E329 /* Frameworks */ = {
			isa = PBXFrameworksBuildPhase;
			buildActionMask = 2147483647;
			files = (
			);
			runOnlyForDeploymentPostprocessing = 0;
		};
		3A86806229EEC395007AA0FC /* Frameworks */ = {
			isa = PBXFrameworksBuildPhase;
			buildActionMask = 2147483647;
			files = (
			);
			runOnlyForDeploymentPostprocessing = 0;
		};
		3AD820342A1651C700C61D58 /* Frameworks */ = {
			isa = PBXFrameworksBuildPhase;
			buildActionMask = 2147483647;
			files = (
			);
			runOnlyForDeploymentPostprocessing = 0;
		};
		F5954B861D21F0F60088187E /* Frameworks */ = {
			isa = PBXFrameworksBuildPhase;
			buildActionMask = 2147483647;
			files = (
			);
			runOnlyForDeploymentPostprocessing = 0;
		};
/* End PBXFrameworksBuildPhase section */

/* Begin PBXGroup section */
		3A3921CE2A0937FA00A2E329 /* Zombie Piranhas tvOS */ = {
			isa = PBXGroup;
			children = (
				3A3921FD2A096E2E00A2E329 /* Zombie-Piranhas-tvOS-Info.plist */,
				3A3921CF2A0937FA00A2E329 /* AppDelegate.swift */,
				3A3921D72A0937FA00A2E329 /* GameViewController.swift */,
				3A3921D92A0937FA00A2E329 /* Main.storyboard */,
				3A3921DC2A0937FB00A2E329 /* Assets_tvos.xcassets */,
				3A3921DE2A0937FB00A2E329 /* LaunchScreen.storyboard */,
			);
			path = "Zombie Piranhas tvOS";
			sourceTree = "<group>";
		};
		3A86804829EEC2BC007AA0FC /* SKTUtils */ = {
			isa = PBXGroup;
			children = (
				3A86804929EEC2BC007AA0FC /* SKColor+Extensions.swift */,
				3A86804A29EEC2BC007AA0FC /* CGVector+Extensions.swift */,
				3A86804B29EEC2BC007AA0FC /* Int+Extensions.swift */,
				3A86804C29EEC2BC007AA0FC /* SKTTimingFunctions.swift */,
				3A86804D29EEC2BC007AA0FC /* SKAction+Extensions.swift */,
				3A86804E29EEC2BC007AA0FC /* SKAction+SpecialEffects.swift */,
				3A86804F29EEC2BC007AA0FC /* SKNode+Extensions.swift */,
				3A86805029EEC2BC007AA0FC /* CGPoint+Extensions.swift */,
				3A86805129EEC2BC007AA0FC /* SKTEffects.swift */,
				3A86805229EEC2BC007AA0FC /* SKTAudio.swift */,
				3A86805329EEC2BC007AA0FC /* Vector3.swift */,
				3A86805429EEC2BC007AA0FC /* CGFloat+Extensions.swift */,
			);
			path = SKTUtils;
			sourceTree = "<group>";
		};
		3A86806629EEC395007AA0FC /* Zombie Piranhas macOS */ = {
			isa = PBXGroup;
			children = (
				3A86806929EEC395007AA0FC /* GameScene.sks */,
				3A86806B29EEC395007AA0FC /* Actions.sks */,
				3A86806729EEC395007AA0FC /* AppDelegate.swift */,
				3A86806D29EEC395007AA0FC /* GameScene.swift */,
				3A86806F29EEC395007AA0FC /* ViewController.swift */,
				3A86807129EEC395007AA0FC /* macOS.xcassets */,
				3A86807329EEC395007AA0FC /* Main.storyboard */,
				3A86807629EEC395007AA0FC /* Zombie_Piranhas_macOS.entitlements */,
			);
			path = "Zombie Piranhas macOS";
			sourceTree = "<group>";
		};
		3AD8203B2A1651C700C61D58 /* Zombie Piranhas watchOS Watch App */ = {
			isa = PBXGroup;
			children = (
				3AD8203C2A1651C700C61D58 /* Zombie_Piranhas_watchOSApp.swift */,
				3AD8203E2A1651C700C61D58 /* ContentView.swift */,
				3AD820402A1651C800C61D58 /* Assets.xcassets */,
				3AD820652A16566A00C61D58 /* GameScene.sks */,
				3AD820422A1651C800C61D58 /* Preview Content */,
			);
			path = "Zombie Piranhas watchOS Watch App";
			sourceTree = "<group>";
		};
		3AD820422A1651C800C61D58 /* Preview Content */ = {
			isa = PBXGroup;
			children = (
				3AD820432A1651C800C61D58 /* Preview Assets.xcassets */,
			);
			path = "Preview Content";
			sourceTree = "<group>";
		};
		F560C2481D2EB28D0066C872 /* Audio */ = {
			isa = PBXGroup;
			children = (
				F58C07DC1F747A1E00A5D3FB /* Fish Bash Sound.mp3 */,
				F58C07D71F747A1D00A5D3FB /* Fish Caught.mp3 */,
				F58C07DA1F747A1E00A5D3FB /* Fish Off Sound.mp3 */,
				F58C07DD1F747A1F00A5D3FB /* Fishing Ambience Sound.mp3 */,
				F58C07D91F747A1D00A5D3FB /* Game Over Sound.mp3 */,
				F58C07DB1F747A1E00A5D3FB /* Reel Start Sound.mp3 */,
				F58C07DE1F747A1F00A5D3FB /* Reel Tick Sound.mp3 */,
				F58C07DF1F747A1F00A5D3FB /* Yum Fish Sound.mp3 */,
				F58C07D81F747A1D00A5D3FB /* Zombie Sound.mp3 */,
			);
			path = Audio;
			sourceTree = "<group>";
		};
		F5954B801D21F0F60088187E = {
			isa = PBXGroup;
			children = (
				F5954B8B1D21F0F60088187E /* Zombie Piranhas */,
				3A86806629EEC395007AA0FC /* Zombie Piranhas macOS */,
				3A3921CE2A0937FA00A2E329 /* Zombie Piranhas tvOS */,
				3AD8203B2A1651C700C61D58 /* Zombie Piranhas watchOS Watch App */,
				F5954B8A1D21F0F60088187E /* Products */,
			);
			indentWidth = 2;
			sourceTree = "<group>";
			tabWidth = 2;
		};
		F5954B8A1D21F0F60088187E /* Products */ = {
			isa = PBXGroup;
			children = (
				F5954B891D21F0F60088187E /* Zombie Piranhas.app */,
				3A86806529EEC395007AA0FC /* Zombie Piranhas.app */,
				3A3921CD2A0937FA00A2E329 /* Zombie Piranhas.app */,
				3AD820322A1651C700C61D58 /* Zombie Piranhas watchOS.app */,
				3AD820372A1651C700C61D58 /* Zombie Piranhas watchOS Watch App.app */,
			);
			name = Products;
			sourceTree = "<group>";
		};
		F5954B8B1D21F0F60088187E /* Zombie Piranhas */ = {
			isa = PBXGroup;
			children = (
				3A6FBB9B2A1265B5009734F0 /* Protocols.swift */,
				F5954B8C1D21F0F60088187E /* AppDelegate.swift */,
				3A86804829EEC2BC007AA0FC /* SKTUtils */,
				F5954B8E1D21F0F60088187E /* GameScene.sks */,
				F5954B921D21F0F60088187E /* GameScene.swift */,
				3ABC46142A0D0E9A0004B5E5 /* GameScene_GameControllers.swift */,
				3AD820672A1657ED00C61D58 /* GameScene_WatchOS.swift */,
				F5954B941D21F0F60088187E /* GameViewController.swift */,
				F57E6CC61D3D4D8F00827D9A /* Splash.sks */,
				F560C2481D2EB28D0066C872 /* Audio */,
				F5954B961D21F0F60088187E /* Main.storyboard */,
				F5954B991D21F0F60088187E /* Assets.xcassets */,
				F5954B9B1D21F0F60088187E /* LaunchScreen.storyboard */,
				F5954B9E1D21F0F60088187E /* Info.plist */,
			);
			path = "Zombie Piranhas";
			sourceTree = "<group>";
		};
/* End PBXGroup section */

/* Begin PBXNativeTarget section */
		3A3921CC2A0937FA00A2E329 /* Zombie Piranhas tvOS */ = {
			isa = PBXNativeTarget;
			buildConfigurationList = 3A3921E32A0937FB00A2E329 /* Build configuration list for PBXNativeTarget "Zombie Piranhas tvOS" */;
			buildPhases = (
				3A3921C92A0937FA00A2E329 /* Sources */,
				3A3921CA2A0937FA00A2E329 /* Frameworks */,
				3A3921CB2A0937FA00A2E329 /* Resources */,
			);
			buildRules = (
			);
			dependencies = (
			);
			name = "Zombie Piranhas tvOS";
			productName = "Zombie Piranhas tvOS";
			productReference = 3A3921CD2A0937FA00A2E329 /* Zombie Piranhas.app */;
			productType = "com.apple.product-type.application";
		};
		3A86806429EEC395007AA0FC /* Zombie Piranhas macOS */ = {
			isa = PBXNativeTarget;
			buildConfigurationList = 3A86807729EEC395007AA0FC /* Build configuration list for PBXNativeTarget "Zombie Piranhas macOS" */;
			buildPhases = (
				3A86806129EEC395007AA0FC /* Sources */,
				3A86806229EEC395007AA0FC /* Frameworks */,
				3A86806329EEC395007AA0FC /* Resources */,
			);
			buildRules = (
			);
			dependencies = (
			);
			name = "Zombie Piranhas macOS";
			productName = "Zombie Piranhas macOS";
			productReference = 3A86806529EEC395007AA0FC /* Zombie Piranhas.app */;
			productType = "com.apple.product-type.application";
		};
		3AD820312A1651C700C61D58 /* Zombie Piranhas watchOS */ = {
			isa = PBXNativeTarget;
			buildConfigurationList = 3AD8204B2A1651C800C61D58 /* Build configuration list for PBXNativeTarget "Zombie Piranhas watchOS" */;
			buildPhases = (
				3AD820302A1651C700C61D58 /* Resources */,
				3AD820472A1651C800C61D58 /* Embed Watch Content */,
			);
			buildRules = (
			);
			dependencies = (
				3AD8203A2A1651C700C61D58 /* PBXTargetDependency */,
			);
			name = "Zombie Piranhas watchOS";
			productName = "Zombie Piranhas watchOS";
			productReference = 3AD820322A1651C700C61D58 /* Zombie Piranhas watchOS.app */;
			productType = "com.apple.product-type.application.watchapp2-container";
		};
		3AD820362A1651C700C61D58 /* Zombie Piranhas watchOS Watch App */ = {
			isa = PBXNativeTarget;
			buildConfigurationList = 3AD8204A2A1651C800C61D58 /* Build configuration list for PBXNativeTarget "Zombie Piranhas watchOS Watch App" */;
			buildPhases = (
				3AD820332A1651C700C61D58 /* Sources */,
				3AD820342A1651C700C61D58 /* Frameworks */,
				3AD820352A1651C700C61D58 /* Resources */,
			);
			buildRules = (
			);
			dependencies = (
			);
			name = "Zombie Piranhas watchOS Watch App";
			productName = "Zombie Piranhas watchOS Watch App";
			productReference = 3AD820372A1651C700C61D58 /* Zombie Piranhas watchOS Watch App.app */;
			productType = "com.apple.product-type.application";
		};
		F5954B881D21F0F60088187E /* Zombie Piranhas */ = {
			isa = PBXNativeTarget;
			buildConfigurationList = F5954BA11D21F0F60088187E /* Build configuration list for PBXNativeTarget "Zombie Piranhas" */;
			buildPhases = (
				F5954B851D21F0F60088187E /* Sources */,
				F5954B861D21F0F60088187E /* Frameworks */,
				F5954B871D21F0F60088187E /* Resources */,
			);
			buildRules = (
			);
			dependencies = (
			);
			name = "Zombie Piranhas";
			productName = "Zombie Piranhas";
			productReference = F5954B891D21F0F60088187E /* Zombie Piranhas.app */;
			productType = "com.apple.product-type.application";
		};
/* End PBXNativeTarget section */

/* Begin PBXProject section */
		F5954B811D21F0F60088187E /* Project object */ = {
			isa = PBXProject;
			attributes = {
				BuildIndependentTargetsInParallel = YES;
				LastSwiftUpdateCheck = 1430;
				LastUpgradeCheck = 1430;
				ORGANIZATIONNAME = "Ray Wenderlich";
				TargetAttributes = {
					3A3921CC2A0937FA00A2E329 = {
						CreatedOnToolsVersion = 14.3;
					};
					3A86806429EEC395007AA0FC = {
						CreatedOnToolsVersion = 14.3;
					};
					3AD820312A1651C700C61D58 = {
						CreatedOnToolsVersion = 14.3;
					};
					3AD820362A1651C700C61D58 = {
						CreatedOnToolsVersion = 14.3;
					};
					F5954B881D21F0F60088187E = {
						CreatedOnToolsVersion = 8.0;
						DevelopmentTeam = 77DC4B8XN2;
						LastSwiftMigration = 0900;
						ProvisioningStyle = Automatic;
					};
				};
			};
			buildConfigurationList = F5954B841D21F0F60088187E /* Build configuration list for PBXProject "Zombie Piranhas" */;
			compatibilityVersion = "Xcode 3.2";
			developmentRegion = en;
			hasScannedForEncodings = 0;
			knownRegions = (
				en,
				Base,
			);
			mainGroup = F5954B801D21F0F60088187E;
			productRefGroup = F5954B8A1D21F0F60088187E /* Products */;
			projectDirPath = "";
			projectRoot = "";
			targets = (
				F5954B881D21F0F60088187E /* Zombie Piranhas */,
				3A86806429EEC395007AA0FC /* Zombie Piranhas macOS */,
				3A3921CC2A0937FA00A2E329 /* Zombie Piranhas tvOS */,
				3AD820312A1651C700C61D58 /* Zombie Piranhas watchOS */,
				3AD820362A1651C700C61D58 /* Zombie Piranhas watchOS Watch App */,
			);
		};
/* End PBXProject section */

/* Begin PBXResourcesBuildPhase section */
		3A3921CB2A0937FA00A2E329 /* Resources */ = {
			isa = PBXResourcesBuildPhase;
			buildActionMask = 2147483647;
			files = (
				3A3921EF2A093EBB00A2E329 /* Fish Off Sound.mp3 in Resources */,
				3A3921E42A093EB500A2E329 /* GameScene.sks in Resources */,
				3A3921EC2A093EBB00A2E329 /* Zombie Sound.mp3 in Resources */,
				3A3921E92A093EBB00A2E329 /* Reel Start Sound.mp3 in Resources */,
				3A3921FC2A093EE000A2E329 /* Assets.xcassets in Resources */,
				3A3921EB2A093EBB00A2E329 /* Game Over Sound.mp3 in Resources */,
				3A3921E82A093EBB00A2E329 /* Fish Caught.mp3 in Resources */,
				3A3921ED2A093EBB00A2E329 /* Fishing Ambience Sound.mp3 in Resources */,
				3A3921E72A093EBB00A2E329 /* Reel Tick Sound.mp3 in Resources */,
				3A3921EE2A093EBB00A2E329 /* Fish Bash Sound.mp3 in Resources */,
				3A3921EA2A093EBB00A2E329 /* Yum Fish Sound.mp3 in Resources */,
				3A3921DB2A0937FA00A2E329 /* Main.storyboard in Resources */,
				3A3921E62A093EB500A2E329 /* Splash.sks in Resources */,
				3A3921DD2A0937FB00A2E329 /* Assets_tvos.xcassets in Resources */,
				3A3921E02A0937FB00A2E329 /* LaunchScreen.storyboard in Resources */,
			);
			runOnlyForDeploymentPostprocessing = 0;
		};
		3A86806329EEC395007AA0FC /* Resources */ = {
			isa = PBXResourcesBuildPhase;
			buildActionMask = 2147483647;
			files = (
				3A86808429EEC487007AA0FC /* Yum Fish Sound.mp3 in Resources */,
				3A86808229EEC487007AA0FC /* Reel Start Sound.mp3 in Resources */,
				3A86807C29EEC487007AA0FC /* Zombie Sound.mp3 in Resources */,
				3A86808029EEC487007AA0FC /* Fish Off Sound.mp3 in Resources */,
				3AA2C83929EEDC4A00EFE36E /* Assets.xcassets in Resources */,
				3A86807E29EEC487007AA0FC /* Fish Bash Sound.mp3 in Resources */,
				3A86807B29EEC449007AA0FC /* GameScene.sks in Resources */,
				3A86808529EEC48A007AA0FC /* Splash.sks in Resources */,
				3A86807D29EEC487007AA0FC /* Reel Tick Sound.mp3 in Resources */,
				3A86808129EEC487007AA0FC /* Fishing Ambience Sound.mp3 in Resources */,
				3A86807229EEC395007AA0FC /* macOS.xcassets in Resources */,
				3A86807F29EEC487007AA0FC /* Game Over Sound.mp3 in Resources */,
				3A86808329EEC487007AA0FC /* Fish Caught.mp3 in Resources */,
				3A86807529EEC395007AA0FC /* Main.storyboard in Resources */,
			);
			runOnlyForDeploymentPostprocessing = 0;
		};
		3AD820302A1651C700C61D58 /* Resources */ = {
			isa = PBXResourcesBuildPhase;
			buildActionMask = 2147483647;
			files = (
			);
			runOnlyForDeploymentPostprocessing = 0;
		};
		3AD820352A1651C700C61D58 /* Resources */ = {
			isa = PBXResourcesBuildPhase;
			buildActionMask = 2147483647;
			files = (
				3AD820522A1655CD00C61D58 /* Yum Fish Sound.mp3 in Resources */,
				3AD820572A1655CD00C61D58 /* Fish Off Sound.mp3 in Resources */,
				3AD820582A1655CD00C61D58 /* Game Over Sound.mp3 in Resources */,
				3AD820662A16566A00C61D58 /* GameScene.sks in Resources */,
				3AD820442A1651C800C61D58 /* Preview Assets.xcassets in Resources */,
				3AD820552A1655CD00C61D58 /* Zombie Sound.mp3 in Resources */,
				3AD820532A1655CD00C61D58 /* Fish Caught.mp3 in Resources */,
				3AD820542A1655CD00C61D58 /* Reel Tick Sound.mp3 in Resources */,
				3AD8204E2A1655B500C61D58 /* Splash.sks in Resources */,
				3AD820562A1655CD00C61D58 /* Reel Start Sound.mp3 in Resources */,
				3AD820412A1651C800C61D58 /* Assets.xcassets in Resources */,
				3AD820502A1655CD00C61D58 /* Fish Bash Sound.mp3 in Resources */,
				3AD820512A1655CD00C61D58 /* Fishing Ambience Sound.mp3 in Resources */,
			);
			runOnlyForDeploymentPostprocessing = 0;
		};
		F5954B871D21F0F60088187E /* Resources */ = {
			isa = PBXResourcesBuildPhase;
			buildActionMask = 2147483647;
			files = (
				F58C07E81F747A1F00A5D3FB /* Yum Fish Sound.mp3 in Resources */,
				3AD8206B2A1663B300C61D58 /* GameScene.sks in Resources */,
				F58C07E21F747A1F00A5D3FB /* Game Over Sound.mp3 in Resources */,
				F58C07E11F747A1F00A5D3FB /* Zombie Sound.mp3 in Resources */,
				F5954B981D21F0F60088187E /* Main.storyboard in Resources */,
				3AA2C83A29EEDC6700EFE36E /* Assets.xcassets in Resources */,
				F57E6CC81D3D4D8F00827D9A /* Splash.sks in Resources */,
				F5954B8F1D21F0F60088187E /* GameScene.sks in Resources */,
				F58C07E61F747A1F00A5D3FB /* Fishing Ambience Sound.mp3 in Resources */,
				F58C07E31F747A1F00A5D3FB /* Fish Off Sound.mp3 in Resources */,
				F58C07E51F747A1F00A5D3FB /* Fish Bash Sound.mp3 in Resources */,
				F58C07E41F747A1F00A5D3FB /* Reel Start Sound.mp3 in Resources */,
				F5954B9D1D21F0F60088187E /* LaunchScreen.storyboard in Resources */,
				F58C07E71F747A1F00A5D3FB /* Reel Tick Sound.mp3 in Resources */,
				F58C07E01F747A1F00A5D3FB /* Fish Caught.mp3 in Resources */,
			);
			runOnlyForDeploymentPostprocessing = 0;
		};
/* End PBXResourcesBuildPhase section */

/* Begin PBXSourcesBuildPhase section */
		3A3921C92A0937FA00A2E329 /* Sources */ = {
			isa = PBXSourcesBuildPhase;
			buildActionMask = 2147483647;
			files = (
				3A3921E52A093EB500A2E329 /* GameScene.swift in Sources */,
				3A3921F12A093ECD00A2E329 /* SKTEffects.swift in Sources */,
				3ABC46172A0D0E9A0004B5E5 /* GameScene_GameControllers.swift in Sources */,
				3A3921F42A093ECD00A2E329 /* CGPoint+Extensions.swift in Sources */,
				3A3921F92A093ECD00A2E329 /* SKAction+Extensions.swift in Sources */,
				3A3921F52A093ECD00A2E329 /* SKTAudio.swift in Sources */,
				3A3921F72A093ECD00A2E329 /* SKAction+SpecialEffects.swift in Sources */,
				3A3921D82A0937FA00A2E329 /* GameViewController.swift in Sources */,
				3A3921D02A0937FA00A2E329 /* AppDelegate.swift in Sources */,
				3A3921FA2A093ECD00A2E329 /* CGVector+Extensions.swift in Sources */,
				3A3921F62A093ECD00A2E329 /* CGFloat+Extensions.swift in Sources */,
				3A3921F32A093ECD00A2E329 /* Int+Extensions.swift in Sources */,
				3A3921F02A093ECD00A2E329 /* SKColor+Extensions.swift in Sources */,
				3A3921F82A093ECD00A2E329 /* SKTTimingFunctions.swift in Sources */,
				3A3921FB2A093ECD00A2E329 /* Vector3.swift in Sources */,
				3A3921F22A093ECD00A2E329 /* SKNode+Extensions.swift in Sources */,
			);
			runOnlyForDeploymentPostprocessing = 0;
		};
		3A86806129EEC395007AA0FC /* Sources */ = {
			isa = PBXSourcesBuildPhase;
			buildActionMask = 2147483647;
			files = (
				3A86809429EEC822007AA0FC /* ViewController.swift in Sources */,
				3A86808F29EEC499007AA0FC /* SKColor+Extensions.swift in Sources */,
				3ABC46162A0D0E9A0004B5E5 /* GameScene_GameControllers.swift in Sources */,
				3A86809029EEC499007AA0FC /* SKTEffects.swift in Sources */,
				3A86808B29EEC499007AA0FC /* SKNode+Extensions.swift in Sources */,
				3A86809129EEC499007AA0FC /* SKAction+Extensions.swift in Sources */,
				3A86809329EEC81D007AA0FC /* AppDelegate.swift in Sources */,
				3A86807A29EEC449007AA0FC /* GameScene.swift in Sources */,
				3A86808629EEC499007AA0FC /* SKTAudio.swift in Sources */,
				3A86808A29EEC499007AA0FC /* SKAction+SpecialEffects.swift in Sources */,
				3A86808829EEC499007AA0FC /* SKTTimingFunctions.swift in Sources */,
				3A86808729EEC499007AA0FC /* CGVector+Extensions.swift in Sources */,
				3A86808E29EEC499007AA0FC /* CGPoint+Extensions.swift in Sources */,
				3A86808C29EEC499007AA0FC /* CGFloat+Extensions.swift in Sources */,
				3A86808D29EEC499007AA0FC /* Vector3.swift in Sources */,
				3A86808929EEC499007AA0FC /* Int+Extensions.swift in Sources */,
			);
			runOnlyForDeploymentPostprocessing = 0;
		};
		3AD820332A1651C700C61D58 /* Sources */ = {
			isa = PBXSourcesBuildPhase;
			buildActionMask = 2147483647;
			files = (
				3AD8206A2A165E8F00C61D58 /* GameScene.swift in Sources */,
				3AD820612A1655DD00C61D58 /* Vector3.swift in Sources */,
				3AD8203F2A1651C700C61D58 /* ContentView.swift in Sources */,
				3AD820692A165E3400C61D58 /* GameScene_WatchOS.swift in Sources */,
				3AD8205F2A1655DD00C61D58 /* CGVector+Extensions.swift in Sources */,
				3AD8205D2A1655DD00C61D58 /* CGFloat+Extensions.swift in Sources */,
				3AD820632A1655DD00C61D58 /* Int+Extensions.swift in Sources */,
				3AD820622A1655DD00C61D58 /* SKNode+Extensions.swift in Sources */,
				3AD8205E2A1655DD00C61D58 /* SKColor+Extensions.swift in Sources */,
				3AD820592A1655DD00C61D58 /* SKTEffects.swift in Sources */,
				3AD820642A1655DD00C61D58 /* SKAction+Extensions.swift in Sources */,
				3AD820602A1655DD00C61D58 /* SKTTimingFunctions.swift in Sources */,
				3AD8205B2A1655DD00C61D58 /* SKAction+SpecialEffects.swift in Sources */,
				3AD8205C2A1655DD00C61D58 /* CGPoint+Extensions.swift in Sources */,
				3AD8203D2A1651C700C61D58 /* Zombie_Piranhas_watchOSApp.swift in Sources */,
			);
			runOnlyForDeploymentPostprocessing = 0;
		};
		F5954B851D21F0F60088187E /* Sources */ = {
			isa = PBXSourcesBuildPhase;
			buildActionMask = 2147483647;
			files = (
				3A86805629EEC2BC007AA0FC /* CGVector+Extensions.swift in Sources */,
				3A86806029EEC2BC007AA0FC /* CGFloat+Extensions.swift in Sources */,
				3ABC46152A0D0E9A0004B5E5 /* GameScene_GameControllers.swift in Sources */,
				3A86805D29EEC2BC007AA0FC /* SKTEffects.swift in Sources */,
				3AD820682A1657ED00C61D58 /* GameScene_WatchOS.swift in Sources */,
				F5954B931D21F0F60088187E /* GameScene.swift in Sources */,
				3A86805A29EEC2BC007AA0FC /* SKAction+SpecialEffects.swift in Sources */,
				3A86805E29EEC2BC007AA0FC /* SKTAudio.swift in Sources */,
				3A86805829EEC2BC007AA0FC /* SKTTimingFunctions.swift in Sources */,
				3A86805F29EEC2BC007AA0FC /* Vector3.swift in Sources */,
				3A86805929EEC2BC007AA0FC /* SKAction+Extensions.swift in Sources */,
				F5954B951D21F0F60088187E /* GameViewController.swift in Sources */,
				3A86805729EEC2BC007AA0FC /* Int+Extensions.swift in Sources */,
				3A86805C29EEC2BC007AA0FC /* CGPoint+Extensions.swift in Sources */,
				3A86805B29EEC2BC007AA0FC /* SKNode+Extensions.swift in Sources */,
				F5954B8D1D21F0F60088187E /* AppDelegate.swift in Sources */,
				3A6FBB9C2A1265B5009734F0 /* Protocols.swift in Sources */,
				3A86805529EEC2BC007AA0FC /* SKColor+Extensions.swift in Sources */,
			);
			runOnlyForDeploymentPostprocessing = 0;
		};
/* End PBXSourcesBuildPhase section */

/* Begin PBXTargetDependency section */
		3AD8203A2A1651C700C61D58 /* PBXTargetDependency */ = {
			isa = PBXTargetDependency;
			target = 3AD820362A1651C700C61D58 /* Zombie Piranhas watchOS Watch App */;
			targetProxy = 3AD820392A1651C700C61D58 /* PBXContainerItemProxy */;
		};
/* End PBXTargetDependency section */

/* Begin PBXVariantGroup section */
		3A3921D92A0937FA00A2E329 /* Main.storyboard */ = {
			isa = PBXVariantGroup;
			children = (
				3A3921DA2A0937FA00A2E329 /* Base */,
			);
			name = Main.storyboard;
			sourceTree = "<group>";
		};
		3A3921DE2A0937FB00A2E329 /* LaunchScreen.storyboard */ = {
			isa = PBXVariantGroup;
			children = (
				3A3921DF2A0937FB00A2E329 /* Base */,
			);
			name = LaunchScreen.storyboard;
			sourceTree = "<group>";
		};
		3A86807329EEC395007AA0FC /* Main.storyboard */ = {
			isa = PBXVariantGroup;
			children = (
				3A86807429EEC395007AA0FC /* Base */,
			);
			name = Main.storyboard;
			sourceTree = "<group>";
		};
		F5954B961D21F0F60088187E /* Main.storyboard */ = {
			isa = PBXVariantGroup;
			children = (
				F5954B971D21F0F60088187E /* Base */,
			);
			name = Main.storyboard;
			sourceTree = "<group>";
		};
		F5954B9B1D21F0F60088187E /* LaunchScreen.storyboard */ = {
			isa = PBXVariantGroup;
			children = (
				F5954B9C1D21F0F60088187E /* Base */,
			);
			name = LaunchScreen.storyboard;
			sourceTree = "<group>";
		};
/* End PBXVariantGroup section */

/* Begin XCBuildConfiguration section */
		3A3921E12A0937FB00A2E329 /* Debug */ = {
			isa = XCBuildConfiguration;
			buildSettings = {
				ASSETCATALOG_COMPILER_APPICON_NAME = "App Icon & Top Shelf Image";
				ASSETCATALOG_COMPILER_GLOBAL_ACCENT_COLOR_NAME = AccentColor;
				CLANG_ANALYZER_NUMBER_OBJECT_CONVERSION = YES_AGGRESSIVE;
				CLANG_CXX_LANGUAGE_STANDARD = "gnu++20";
				CLANG_ENABLE_OBJC_WEAK = YES;
				CLANG_WARN_UNGUARDED_AVAILABILITY = YES_AGGRESSIVE;
				CODE_SIGN_STYLE = Automatic;
				CURRENT_PROJECT_VERSION = 1;
				DEBUG_INFORMATION_FORMAT = dwarf;
				DEVELOPMENT_TEAM = 77DC4B8XN2;
				GCC_C_LANGUAGE_STANDARD = gnu11;
				GENERATE_INFOPLIST_FILE = YES;
				INFOPLIST_FILE = "Zombie-Piranhas-tvOS-Info.plist";
				INFOPLIST_KEY_UILaunchStoryboardName = LaunchScreen;
				INFOPLIST_KEY_UIMainStoryboardFile = Main;
				INFOPLIST_KEY_UIUserInterfaceStyle = Automatic;
				LD_RUNPATH_SEARCH_PATHS = (
					"$(inherited)",
					"@executable_path/Frameworks",
				);
				MARKETING_VERSION = 1.0;
				MTL_ENABLE_DEBUG_INFO = INCLUDE_SOURCE;
				MTL_FAST_MATH = YES;
				PRODUCT_BUNDLE_IDENTIFIER = "com.theocarper.Zombie-Piranhas-tvOS";
				PRODUCT_NAME = "Zombie Piranhas";
				SDKROOT = appletvos;
				SWIFT_EMIT_LOC_STRINGS = YES;
				SWIFT_VERSION = 5.0;
				TARGETED_DEVICE_FAMILY = 3;
				TVOS_DEPLOYMENT_TARGET = 16.4;
			};
			name = Debug;
		};
		3A3921E22A0937FB00A2E329 /* Release */ = {
			isa = XCBuildConfiguration;
			buildSettings = {
				ASSETCATALOG_COMPILER_APPICON_NAME = "App Icon & Top Shelf Image";
				ASSETCATALOG_COMPILER_GLOBAL_ACCENT_COLOR_NAME = AccentColor;
				CLANG_ANALYZER_NUMBER_OBJECT_CONVERSION = YES_AGGRESSIVE;
				CLANG_CXX_LANGUAGE_STANDARD = "gnu++20";
				CLANG_ENABLE_OBJC_WEAK = YES;
				CLANG_WARN_UNGUARDED_AVAILABILITY = YES_AGGRESSIVE;
				CODE_SIGN_STYLE = Automatic;
				CURRENT_PROJECT_VERSION = 1;
				DEVELOPMENT_TEAM = 77DC4B8XN2;
				GCC_C_LANGUAGE_STANDARD = gnu11;
				GENERATE_INFOPLIST_FILE = YES;
				INFOPLIST_FILE = "Zombie-Piranhas-tvOS-Info.plist";
				INFOPLIST_KEY_UILaunchStoryboardName = LaunchScreen;
				INFOPLIST_KEY_UIMainStoryboardFile = Main;
				INFOPLIST_KEY_UIUserInterfaceStyle = Automatic;
				LD_RUNPATH_SEARCH_PATHS = (
					"$(inherited)",
					"@executable_path/Frameworks",
				);
				MARKETING_VERSION = 1.0;
				MTL_FAST_MATH = YES;
				PRODUCT_BUNDLE_IDENTIFIER = "com.theocarper.Zombie-Piranhas-tvOS";
				PRODUCT_NAME = "Zombie Piranhas";
				SDKROOT = appletvos;
				SWIFT_EMIT_LOC_STRINGS = YES;
				SWIFT_VERSION = 5.0;
				TARGETED_DEVICE_FAMILY = 3;
				TVOS_DEPLOYMENT_TARGET = 16.4;
			};
			name = Release;
		};
		3A86807829EEC395007AA0FC /* Debug */ = {
			isa = XCBuildConfiguration;
			buildSettings = {
				ASSETCATALOG_COMPILER_APPICON_NAME = AppIcon_macOS;
				ASSETCATALOG_COMPILER_GLOBAL_ACCENT_COLOR_NAME = AccentColor;
				ASSETCATALOG_COMPILER_INCLUDE_ALL_APPICON_ASSETS = NO;
				CLANG_ANALYZER_NUMBER_OBJECT_CONVERSION = YES_AGGRESSIVE;
				CLANG_CXX_LANGUAGE_STANDARD = "gnu++20";
				CLANG_ENABLE_OBJC_WEAK = YES;
				CLANG_WARN_DEPRECATED_OBJC_IMPLEMENTATIONS = YES;
				CLANG_WARN_OBJC_IMPLICIT_RETAIN_SELF = YES;
				CLANG_WARN_QUOTED_INCLUDE_IN_FRAMEWORK_HEADER = YES;
				CLANG_WARN_UNGUARDED_AVAILABILITY = YES_AGGRESSIVE;
				CODE_SIGN_ENTITLEMENTS = "Zombie Piranhas macOS/Zombie_Piranhas_macOS.entitlements";
				"CODE_SIGN_IDENTITY[sdk=macosx*]" = "Apple Development";
				CODE_SIGN_STYLE = Automatic;
				COMBINE_HIDPI_IMAGES = YES;
				CURRENT_PROJECT_VERSION = 1;
				DEAD_CODE_STRIPPING = YES;
				DEBUG_INFORMATION_FORMAT = dwarf;
				DEVELOPMENT_TEAM = 77DC4B8XN2;
				ENABLE_HARDENED_RUNTIME = YES;
				GCC_C_LANGUAGE_STANDARD = gnu11;
				GENERATE_INFOPLIST_FILE = YES;
				INFOPLIST_KEY_NSHumanReadableCopyright = "Copyright © 2023 Ray Wenderlich. All rights reserved.";
				INFOPLIST_KEY_NSMainStoryboardFile = Main;
				INFOPLIST_KEY_NSPrincipalClass = NSApplication;
				INFOPLIST_KEY_UILaunchStoryboardName = "";
				LD_RUNPATH_SEARCH_PATHS = (
					"$(inherited)",
					"@executable_path/../Frameworks",
				);
				MACOSX_DEPLOYMENT_TARGET = 13.3;
				MARKETING_VERSION = 1.0;
				MTL_ENABLE_DEBUG_INFO = INCLUDE_SOURCE;
				MTL_FAST_MATH = YES;
				PRODUCT_BUNDLE_IDENTIFIER = "com.msn.carper.theo.Zombie-Piranhas-macOS";
				PRODUCT_NAME = "Zombie Piranhas";
				SDKROOT = macosx;
				SWIFT_EMIT_LOC_STRINGS = YES;
				SWIFT_VERSION = 5.0;
			};
			name = Debug;
		};
		3A86807929EEC395007AA0FC /* Release */ = {
			isa = XCBuildConfiguration;
			buildSettings = {
				ASSETCATALOG_COMPILER_APPICON_NAME = AppIcon_macOS;
				ASSETCATALOG_COMPILER_GLOBAL_ACCENT_COLOR_NAME = AccentColor;
				ASSETCATALOG_COMPILER_INCLUDE_ALL_APPICON_ASSETS = NO;
				CLANG_ANALYZER_NUMBER_OBJECT_CONVERSION = YES_AGGRESSIVE;
				CLANG_CXX_LANGUAGE_STANDARD = "gnu++20";
				CLANG_ENABLE_OBJC_WEAK = YES;
				CLANG_WARN_DEPRECATED_OBJC_IMPLEMENTATIONS = YES;
				CLANG_WARN_OBJC_IMPLICIT_RETAIN_SELF = YES;
				CLANG_WARN_QUOTED_INCLUDE_IN_FRAMEWORK_HEADER = YES;
				CLANG_WARN_UNGUARDED_AVAILABILITY = YES_AGGRESSIVE;
				CODE_SIGN_ENTITLEMENTS = "Zombie Piranhas macOS/Zombie_Piranhas_macOS.entitlements";
				"CODE_SIGN_IDENTITY[sdk=macosx*]" = "Apple Development";
				CODE_SIGN_STYLE = Automatic;
				COMBINE_HIDPI_IMAGES = YES;
				CURRENT_PROJECT_VERSION = 1;
				DEAD_CODE_STRIPPING = YES;
				DEVELOPMENT_TEAM = 77DC4B8XN2;
				ENABLE_HARDENED_RUNTIME = YES;
				GCC_C_LANGUAGE_STANDARD = gnu11;
				GENERATE_INFOPLIST_FILE = YES;
				INFOPLIST_KEY_NSHumanReadableCopyright = "Copyright © 2023 Ray Wenderlich. All rights reserved.";
				INFOPLIST_KEY_NSMainStoryboardFile = Main;
				INFOPLIST_KEY_NSPrincipalClass = NSApplication;
				INFOPLIST_KEY_UILaunchStoryboardName = "";
				LD_RUNPATH_SEARCH_PATHS = (
					"$(inherited)",
					"@executable_path/../Frameworks",
				);
				MACOSX_DEPLOYMENT_TARGET = 13.3;
				MARKETING_VERSION = 1.0;
				MTL_FAST_MATH = YES;
				PRODUCT_BUNDLE_IDENTIFIER = "com.msn.carper.theo.Zombie-Piranhas-macOS";
				PRODUCT_NAME = "Zombie Piranhas";
				SDKROOT = macosx;
				SWIFT_EMIT_LOC_STRINGS = YES;
				SWIFT_VERSION = 5.0;
			};
			name = Release;
		};
		3AD820452A1651C800C61D58 /* Debug */ = {
			isa = XCBuildConfiguration;
			buildSettings = {
				ALWAYS_EMBED_SWIFT_STANDARD_LIBRARIES = YES;
				CLANG_ANALYZER_NUMBER_OBJECT_CONVERSION = YES_AGGRESSIVE;
				CLANG_CXX_LANGUAGE_STANDARD = "gnu++20";
				CLANG_ENABLE_OBJC_WEAK = YES;
				CLANG_WARN_UNGUARDED_AVAILABILITY = YES_AGGRESSIVE;
				CODE_SIGN_STYLE = Automatic;
				CURRENT_PROJECT_VERSION = 1;
				DEBUG_INFORMATION_FORMAT = dwarf;
				DEVELOPMENT_TEAM = 77DC4B8XN2;
				GCC_C_LANGUAGE_STANDARD = gnu11;
				INFOPLIST_KEY_CFBundleDisplayName = "Zombie Piranhas watchOS";
				IPHONEOS_DEPLOYMENT_TARGET = 14.0;
				MARKETING_VERSION = 1.0;
				MTL_ENABLE_DEBUG_INFO = INCLUDE_SOURCE;
				MTL_FAST_MATH = YES;
				PRODUCT_BUNDLE_IDENTIFIER = "com.msn.carper.theo.Zombie-Piranhas-watchOS";
				PRODUCT_NAME = "$(TARGET_NAME)";
				SWIFT_VERSION = 5.0;
			};
			name = Debug;
		};
		3AD820462A1651C800C61D58 /* Release */ = {
			isa = XCBuildConfiguration;
			buildSettings = {
				ALWAYS_EMBED_SWIFT_STANDARD_LIBRARIES = YES;
				CLANG_ANALYZER_NUMBER_OBJECT_CONVERSION = YES_AGGRESSIVE;
				CLANG_CXX_LANGUAGE_STANDARD = "gnu++20";
				CLANG_ENABLE_OBJC_WEAK = YES;
				CLANG_WARN_UNGUARDED_AVAILABILITY = YES_AGGRESSIVE;
				CODE_SIGN_STYLE = Automatic;
				CURRENT_PROJECT_VERSION = 1;
				DEVELOPMENT_TEAM = 77DC4B8XN2;
				GCC_C_LANGUAGE_STANDARD = gnu11;
				INFOPLIST_KEY_CFBundleDisplayName = "Zombie Piranhas watchOS";
				IPHONEOS_DEPLOYMENT_TARGET = 14.0;
				MARKETING_VERSION = 1.0;
				MTL_FAST_MATH = YES;
				PRODUCT_BUNDLE_IDENTIFIER = "com.msn.carper.theo.Zombie-Piranhas-watchOS";
				PRODUCT_NAME = "$(TARGET_NAME)";
				SWIFT_VERSION = 5.0;
			};
			name = Release;
		};
		3AD820482A1651C800C61D58 /* Debug */ = {
			isa = XCBuildConfiguration;
			buildSettings = {
				ASSETCATALOG_COMPILER_APPICON_NAME = AppIcon;
				ASSETCATALOG_COMPILER_GLOBAL_ACCENT_COLOR_NAME = AccentColor;
				CLANG_ANALYZER_NUMBER_OBJECT_CONVERSION = YES_AGGRESSIVE;
				CLANG_CXX_LANGUAGE_STANDARD = "gnu++20";
				CLANG_ENABLE_OBJC_WEAK = YES;
				CLANG_WARN_UNGUARDED_AVAILABILITY = YES_AGGRESSIVE;
				CODE_SIGN_STYLE = Automatic;
				CURRENT_PROJECT_VERSION = 1;
				DEBUG_INFORMATION_FORMAT = dwarf;
				DEVELOPMENT_ASSET_PATHS = "\"Zombie Piranhas watchOS Watch App/Preview Content\"";
				DEVELOPMENT_TEAM = 77DC4B8XN2;
				ENABLE_PREVIEWS = YES;
				GCC_C_LANGUAGE_STANDARD = gnu11;
				GENERATE_INFOPLIST_FILE = YES;
				INFOPLIST_KEY_CFBundleDisplayName = "Zombie Piranhas watchOS";
				INFOPLIST_KEY_UISupportedInterfaceOrientations = "UIInterfaceOrientationPortrait UIInterfaceOrientationPortraitUpsideDown";
				INFOPLIST_KEY_WKWatchOnly = YES;
				LD_RUNPATH_SEARCH_PATHS = (
					"$(inherited)",
					"@executable_path/Frameworks",
				);
				MARKETING_VERSION = 1.0;
				MTL_ENABLE_DEBUG_INFO = INCLUDE_SOURCE;
				MTL_FAST_MATH = YES;
				PRODUCT_BUNDLE_IDENTIFIER = "com.msn.carper.theo.Zombie-Piranhas-watchOS.watchkitapp";
				PRODUCT_NAME = "$(TARGET_NAME)";
				SDKROOT = watchos;
				SKIP_INSTALL = YES;
				SWIFT_EMIT_LOC_STRINGS = YES;
				SWIFT_VERSION = 5.0;
				TARGETED_DEVICE_FAMILY = 4;
				WATCHOS_DEPLOYMENT_TARGET = 9.4;
			};
			name = Debug;
		};
		3AD820492A1651C800C61D58 /* Release */ = {
			isa = XCBuildConfiguration;
			buildSettings = {
				ASSETCATALOG_COMPILER_APPICON_NAME = AppIcon;
				ASSETCATALOG_COMPILER_GLOBAL_ACCENT_COLOR_NAME = AccentColor;
				CLANG_ANALYZER_NUMBER_OBJECT_CONVERSION = YES_AGGRESSIVE;
				CLANG_CXX_LANGUAGE_STANDARD = "gnu++20";
				CLANG_ENABLE_OBJC_WEAK = YES;
				CLANG_WARN_UNGUARDED_AVAILABILITY = YES_AGGRESSIVE;
				CODE_SIGN_STYLE = Automatic;
				CURRENT_PROJECT_VERSION = 1;
				DEVELOPMENT_ASSET_PATHS = "\"Zombie Piranhas watchOS Watch App/Preview Content\"";
				DEVELOPMENT_TEAM = 77DC4B8XN2;
				ENABLE_PREVIEWS = YES;
				GCC_C_LANGUAGE_STANDARD = gnu11;
				GENERATE_INFOPLIST_FILE = YES;
				INFOPLIST_KEY_CFBundleDisplayName = "Zombie Piranhas watchOS";
				INFOPLIST_KEY_UISupportedInterfaceOrientations = "UIInterfaceOrientationPortrait UIInterfaceOrientationPortraitUpsideDown";
				INFOPLIST_KEY_WKWatchOnly = YES;
				LD_RUNPATH_SEARCH_PATHS = (
					"$(inherited)",
					"@executable_path/Frameworks",
				);
				MARKETING_VERSION = 1.0;
				MTL_FAST_MATH = YES;
				PRODUCT_BUNDLE_IDENTIFIER = "com.msn.carper.theo.Zombie-Piranhas-watchOS.watchkitapp";
				PRODUCT_NAME = "$(TARGET_NAME)";
				SDKROOT = watchos;
				SKIP_INSTALL = YES;
				SWIFT_EMIT_LOC_STRINGS = YES;
				SWIFT_VERSION = 5.0;
				TARGETED_DEVICE_FAMILY = 4;
				WATCHOS_DEPLOYMENT_TARGET = 9.4;
			};
			name = Release;
		};
		F5954B9F1D21F0F60088187E /* Debug */ = {
			isa = XCBuildConfiguration;
			buildSettings = {
				ALWAYS_SEARCH_USER_PATHS = NO;
				CLANG_ANALYZER_LOCALIZABILITY_NONLOCALIZED = YES;
				CLANG_ANALYZER_NONNULL = YES;
				CLANG_CXX_LANGUAGE_STANDARD = "gnu++0x";
				CLANG_CXX_LIBRARY = "libc++";
				CLANG_ENABLE_MODULES = YES;
				CLANG_ENABLE_OBJC_ARC = YES;
				CLANG_WARN_BLOCK_CAPTURE_AUTORELEASING = YES;
				CLANG_WARN_BOOL_CONVERSION = YES;
				CLANG_WARN_COMMA = YES;
				CLANG_WARN_CONSTANT_CONVERSION = YES;
				CLANG_WARN_DEPRECATED_OBJC_IMPLEMENTATIONS = YES;
				CLANG_WARN_DIRECT_OBJC_ISA_USAGE = YES_ERROR;
				CLANG_WARN_DOCUMENTATION_COMMENTS = YES;
				CLANG_WARN_EMPTY_BODY = YES;
				CLANG_WARN_ENUM_CONVERSION = YES;
				CLANG_WARN_INFINITE_RECURSION = YES;
				CLANG_WARN_INT_CONVERSION = YES;
				CLANG_WARN_NON_LITERAL_NULL_CONVERSION = YES;
				CLANG_WARN_OBJC_IMPLICIT_RETAIN_SELF = YES;
				CLANG_WARN_OBJC_LITERAL_CONVERSION = YES;
				CLANG_WARN_OBJC_ROOT_CLASS = YES_ERROR;
				CLANG_WARN_QUOTED_INCLUDE_IN_FRAMEWORK_HEADER = YES;
				CLANG_WARN_RANGE_LOOP_ANALYSIS = YES;
				CLANG_WARN_STRICT_PROTOTYPES = YES;
				CLANG_WARN_SUSPICIOUS_MOVE = YES;
				CLANG_WARN_UNREACHABLE_CODE = YES;
				CLANG_WARN__DUPLICATE_METHOD_MATCH = YES;
				"CODE_SIGN_IDENTITY[sdk=iphoneos*]" = "iPhone Developer";
				COPY_PHASE_STRIP = NO;
				DEBUG_INFORMATION_FORMAT = "dwarf-with-dsym";
				ENABLE_STRICT_OBJC_MSGSEND = YES;
				ENABLE_TESTABILITY = YES;
				GCC_C_LANGUAGE_STANDARD = gnu99;
				GCC_DYNAMIC_NO_PIC = NO;
				GCC_NO_COMMON_BLOCKS = YES;
				GCC_OPTIMIZATION_LEVEL = 0;
				GCC_PREPROCESSOR_DEFINITIONS = (
					"DEBUG=1",
					"$(inherited)",
				);
				GCC_WARN_64_TO_32_BIT_CONVERSION = YES;
				GCC_WARN_ABOUT_RETURN_TYPE = YES_ERROR;
				GCC_WARN_UNDECLARED_SELECTOR = YES;
				GCC_WARN_UNINITIALIZED_AUTOS = YES_AGGRESSIVE;
				GCC_WARN_UNUSED_FUNCTION = YES;
				GCC_WARN_UNUSED_VARIABLE = YES;
				IPHONEOS_DEPLOYMENT_TARGET = 12.0;
				MTL_ENABLE_DEBUG_INFO = YES;
				ONLY_ACTIVE_ARCH = YES;
				SDKROOT = iphoneos;
				SWIFT_ACTIVE_COMPILATION_CONDITIONS = DEBUG;
				SWIFT_OPTIMIZATION_LEVEL = "-Onone";
				TARGETED_DEVICE_FAMILY = "1,2";
			};
			name = Debug;
		};
		F5954BA01D21F0F60088187E /* Release */ = {
			isa = XCBuildConfiguration;
			buildSettings = {
				ALWAYS_SEARCH_USER_PATHS = NO;
				CLANG_ANALYZER_LOCALIZABILITY_NONLOCALIZED = YES;
				CLANG_ANALYZER_NONNULL = YES;
				CLANG_CXX_LANGUAGE_STANDARD = "gnu++0x";
				CLANG_CXX_LIBRARY = "libc++";
				CLANG_ENABLE_MODULES = YES;
				CLANG_ENABLE_OBJC_ARC = YES;
				CLANG_WARN_BLOCK_CAPTURE_AUTORELEASING = YES;
				CLANG_WARN_BOOL_CONVERSION = YES;
				CLANG_WARN_COMMA = YES;
				CLANG_WARN_CONSTANT_CONVERSION = YES;
				CLANG_WARN_DEPRECATED_OBJC_IMPLEMENTATIONS = YES;
				CLANG_WARN_DIRECT_OBJC_ISA_USAGE = YES_ERROR;
				CLANG_WARN_DOCUMENTATION_COMMENTS = YES;
				CLANG_WARN_EMPTY_BODY = YES;
				CLANG_WARN_ENUM_CONVERSION = YES;
				CLANG_WARN_INFINITE_RECURSION = YES;
				CLANG_WARN_INT_CONVERSION = YES;
				CLANG_WARN_NON_LITERAL_NULL_CONVERSION = YES;
				CLANG_WARN_OBJC_IMPLICIT_RETAIN_SELF = YES;
				CLANG_WARN_OBJC_LITERAL_CONVERSION = YES;
				CLANG_WARN_OBJC_ROOT_CLASS = YES_ERROR;
				CLANG_WARN_QUOTED_INCLUDE_IN_FRAMEWORK_HEADER = YES;
				CLANG_WARN_RANGE_LOOP_ANALYSIS = YES;
				CLANG_WARN_STRICT_PROTOTYPES = YES;
				CLANG_WARN_SUSPICIOUS_MOVE = YES;
				CLANG_WARN_UNREACHABLE_CODE = YES;
				CLANG_WARN__DUPLICATE_METHOD_MATCH = YES;
				"CODE_SIGN_IDENTITY[sdk=iphoneos*]" = "iPhone Developer";
				COPY_PHASE_STRIP = NO;
				DEBUG_INFORMATION_FORMAT = "dwarf-with-dsym";
				ENABLE_NS_ASSERTIONS = NO;
				ENABLE_STRICT_OBJC_MSGSEND = YES;
				GCC_C_LANGUAGE_STANDARD = gnu99;
				GCC_NO_COMMON_BLOCKS = YES;
				GCC_WARN_64_TO_32_BIT_CONVERSION = YES;
				GCC_WARN_ABOUT_RETURN_TYPE = YES_ERROR;
				GCC_WARN_UNDECLARED_SELECTOR = YES;
				GCC_WARN_UNINITIALIZED_AUTOS = YES_AGGRESSIVE;
				GCC_WARN_UNUSED_FUNCTION = YES;
				GCC_WARN_UNUSED_VARIABLE = YES;
				IPHONEOS_DEPLOYMENT_TARGET = 12.0;
				MTL_ENABLE_DEBUG_INFO = NO;
				SDKROOT = iphoneos;
				SWIFT_COMPILATION_MODE = wholemodule;
				SWIFT_OPTIMIZATION_LEVEL = "-O";
				TARGETED_DEVICE_FAMILY = "1,2";
				VALIDATE_PRODUCT = YES;
			};
			name = Release;
		};
		F5954BA21D21F0F60088187E /* Debug */ = {
			isa = XCBuildConfiguration;
			buildSettings = {
				ASSETCATALOG_COMPILER_APPICON_NAME = AppIcon;
				DEVELOPMENT_TEAM = 77DC4B8XN2;
				INFOPLIST_FILE = "Zombie Piranhas/Info.plist";
				IPHONEOS_DEPLOYMENT_TARGET = 14.0;
				LD_RUNPATH_SEARCH_PATHS = (
					"$(inherited)",
					"@executable_path/Frameworks",
				);
				PRODUCT_BUNDLE_IDENTIFIER = "com.theocarper.Zombie-Piranhas";
				PRODUCT_NAME = "$(TARGET_NAME)";
				SWIFT_SWIFT3_OBJC_INFERENCE = Default;
				SWIFT_VERSION = 4.0;
			};
			name = Debug;
		};
		F5954BA31D21F0F60088187E /* Release */ = {
			isa = XCBuildConfiguration;
			buildSettings = {
				ASSETCATALOG_COMPILER_APPICON_NAME = AppIcon;
				DEVELOPMENT_TEAM = 77DC4B8XN2;
				INFOPLIST_FILE = "Zombie Piranhas/Info.plist";
				IPHONEOS_DEPLOYMENT_TARGET = 14.0;
				LD_RUNPATH_SEARCH_PATHS = (
					"$(inherited)",
					"@executable_path/Frameworks",
				);
				PRODUCT_BUNDLE_IDENTIFIER = "com.theocarper.Zombie-Piranhas";
				PRODUCT_NAME = "$(TARGET_NAME)";
				SWIFT_SWIFT3_OBJC_INFERENCE = Default;
				SWIFT_VERSION = 4.0;
			};
			name = Release;
		};
/* End XCBuildConfiguration section */

/* Begin XCConfigurationList section */
		3A3921E32A0937FB00A2E329 /* Build configuration list for PBXNativeTarget "Zombie Piranhas tvOS" */ = {
			isa = XCConfigurationList;
			buildConfigurations = (
				3A3921E12A0937FB00A2E329 /* Debug */,
				3A3921E22A0937FB00A2E329 /* Release */,
			);
			defaultConfigurationIsVisible = 0;
			defaultConfigurationName = Release;
		};
		3A86807729EEC395007AA0FC /* Build configuration list for PBXNativeTarget "Zombie Piranhas macOS" */ = {
			isa = XCConfigurationList;
			buildConfigurations = (
				3A86807829EEC395007AA0FC /* Debug */,
				3A86807929EEC395007AA0FC /* Release */,
			);
			defaultConfigurationIsVisible = 0;
			defaultConfigurationName = Release;
		};
		3AD8204A2A1651C800C61D58 /* Build configuration list for PBXNativeTarget "Zombie Piranhas watchOS Watch App" */ = {
			isa = XCConfigurationList;
			buildConfigurations = (
				3AD820482A1651C800C61D58 /* Debug */,
				3AD820492A1651C800C61D58 /* Release */,
			);
			defaultConfigurationIsVisible = 0;
			defaultConfigurationName = Release;
		};
		3AD8204B2A1651C800C61D58 /* Build configuration list for PBXNativeTarget "Zombie Piranhas watchOS" */ = {
			isa = XCConfigurationList;
			buildConfigurations = (
				3AD820452A1651C800C61D58 /* Debug */,
				3AD820462A1651C800C61D58 /* Release */,
			);
			defaultConfigurationIsVisible = 0;
			defaultConfigurationName = Release;
		};
		F5954B841D21F0F60088187E /* Build configuration list for PBXProject "Zombie Piranhas" */ = {
			isa = XCConfigurationList;
			buildConfigurations = (
				F5954B9F1D21F0F60088187E /* Debug */,
				F5954BA01D21F0F60088187E /* Release */,
			);
			defaultConfigurationIsVisible = 0;
			defaultConfigurationName = Release;
		};
		F5954BA11D21F0F60088187E /* Build configuration list for PBXNativeTarget "Zombie Piranhas" */ = {
			isa = XCConfigurationList;
			buildConfigurations = (
				F5954BA21D21F0F60088187E /* Debug */,
				F5954BA31D21F0F60088187E /* Release */,
			);
			defaultConfigurationIsVisible = 0;
			defaultConfigurationName = Release;
		};
/* End XCConfigurationList section */
	};
	rootObject = F5954B811D21F0F60088187E /* Project object */;
}
